
Microsoft Visual Studio Solution File, Format Version 12.00
# Visual Studio Version 16
VisualStudioVersion = 16.0.30002.166
MinimumVisualStudioVersion = 10.0.40219.1
Project("{9A19103F-16F7-4668-BE54-9A1E7A4F7556}") = "lab", "lab\lab.csproj", "{A2AE0D53-AF27-4867-A835-F5376D7EDA9C}"
EndProject
Project("{FAE04EC0-301F-11D3-BF4B-00C04F79EFBC}") = "lab_test", "lab_test\lab_test.csproj", "{BD5E6B45-F8A0-44A9-9700-6BFAEFA42710}"
EndProject
Global
	GlobalSection(SolutionConfigurationPlatforms) = preSolution
		Debug|Any CPU = Debug|Any CPU
		Release|Any CPU = Release|Any CPU
	EndGlobalSection
	GlobalSection(ProjectConfigurationPlatforms) = postSolution
		{A2AE0D53-AF27-4867-A835-F5376D7EDA9C}.Debug|Any CPU.ActiveCfg = Debug|Any CPU
		{A2AE0D53-AF27-4867-A835-F5376D7EDA9C}.Debug|Any CPU.Build.0 = Debug|Any CPU
		{A2AE0D53-AF27-4867-A835-F5376D7EDA9C}.Release|Any CPU.ActiveCfg = Release|Any CPU
		{A2AE0D53-AF27-4867-A835-F5376D7EDA9C}.Release|Any CPU.Build.0 = Release|Any CPU
		{BD5E6B45-F8A0-44A9-9700-6BFAEFA42710}.Debug|Any CPU.ActiveCfg = Debug|Any CPU
		{BD5E6B45-F8A0-44A9-9700-6BFAEFA42710}.Debug|Any CPU.Build.0 = Debug|Any CPU
		{BD5E6B45-F8A0-44A9-9700-6BFAEFA42710}.Release|Any CPU.ActiveCfg = Release|Any CPU
		{BD5E6B45-F8A0-44A9-9700-6BFAEFA42710}.Release|Any CPU.Build.0 = Release|Any CPU
	EndGlobalSection
	GlobalSection(SolutionProperties) = preSolution
		HideSolutionNode = FALSE
	EndGlobalSection
	GlobalSection(ExtensibilityGlobals) = postSolution
		SolutionGuid = {EAF0031F-1F10-4469-9674-72147C0311C7}
	EndGlobalSection
EndGlobal
